{
  "name": "spa-netlify-ts-monorepo",
  "version": "1.0.0",
  "lockfileVersion": 2,
  "requires": true,
  "packages": {
    "": {
      "name": "spa-netlify-ts-monorepo",
      "version": "1.0.0",
      "license": "MIT",
      "workspaces": [
        "app",
        "functions"
      ]
    },
    "app": {
      "version": "1.0.0",
      "license": "MIT"
    },
    "functions": {
      "version": "1.0.0",
      "license": "ISC",
      "devDependencies": {}
    },
    "node_modules/app": {
      "resolved": "app",
      "link": true
    },
    "node_modules/functions": {
      "resolved": "functions",
      "link": true
    }
  },
  "dependencies": {
    "app": {
      "version": "file:app"
    },
    "functions": {
      "version": "file:functions"
    }
  }
}
